
Microsoft Visual Studio Solution File, Format Version 12.00
# Visual Studio Version 17
VisualStudioVersion = 17.9.34622.214
MinimumVisualStudioVersion = 10.0.40219.1
Project("{FAE04EC0-301F-11D3-BF4B-00C04F79EFBC}") = "ConsoleApp2", "ConsoleApp2\ConsoleApp2.csproj", "{CAA60E87-CE1C-45DB-8CED-C0CB030913FA}"
EndProject
Global
	GlobalSection(SolutionConfigurationPlatforms) = preSolution
		Debug|Any CPU = Debug|Any CPU
		Release|Any CPU = Release|Any CPU
	EndGlobalSection
	GlobalSection(ProjectConfigurationPlatforms) = postSolution
		{CAA60E87-CE1C-45DB-8CED-C0CB030913FA}.Debug|Any CPU.ActiveCfg = Debug|Any CPU
		{CAA60E87-CE1C-45DB-8CED-C0CB030913FA}.Debug|Any CPU.Build.0 = Debug|Any CPU
		{CAA60E87-CE1C-45DB-8CED-C0CB030913FA}.Release|Any CPU.ActiveCfg = Release|Any CPU
		{CAA60E87-CE1C-45DB-8CED-C0CB030913FA}.Release|Any CPU.Build.0 = Release|Any CPU
	EndGlobalSection
	GlobalSection(SolutionProperties) = preSolution
		HideSolutionNode = FALSE
	EndGlobalSection
	GlobalSection(ExtensibilityGlobals) = postSolution
		SolutionGuid = {519DF0AA-BB9F-45A7-A702-A2DDA15CC79C}
	EndGlobalSection
EndGlobal
